
Microsoft Visual Studio Solution File, Format Version 12.00
# Visual Studio Version 17
VisualStudioVersion = 17.3.32901.215
MinimumVisualStudioVersion = 10.0.40219.1
Project("{FAE04EC0-301F-11D3-BF4B-00C04F79EFBC}") = "20_09_2022_AtmApplicationHomework", "20_09_2022_AtmApplicationHomework\20_09_2022_AtmApplicationHomework.csproj", "{B179F310-12B5-47C3-9EB2-B9587EADFB78}"
EndProject
Global
	GlobalSection(SolutionConfigurationPlatforms) = preSolution
		Debug|Any CPU = Debug|Any CPU
		Release|Any CPU = Release|Any CPU
	EndGlobalSection
	GlobalSection(ProjectConfigurationPlatforms) = postSolution
		{B179F310-12B5-47C3-9EB2-B9587EADFB78}.Debug|Any CPU.ActiveCfg = Debug|Any CPU
		{B179F310-12B5-47C3-9EB2-B9587EADFB78}.Debug|Any CPU.Build.0 = Debug|Any CPU
		{B179F310-12B5-47C3-9EB2-B9587EADFB78}.Release|Any CPU.ActiveCfg = Release|Any CPU
		{B179F310-12B5-47C3-9EB2-B9587EADFB78}.Release|Any CPU.Build.0 = Release|Any CPU
	EndGlobalSection
	GlobalSection(SolutionProperties) = preSolution
		HideSolutionNode = FALSE
	EndGlobalSection
	GlobalSection(ExtensibilityGlobals) = postSolution
		SolutionGuid = {9E8295D4-6178-46C1-AE83-919BB6F95B44}
	EndGlobalSection
EndGlobal
